
Microsoft Visual Studio Solution File, Format Version 12.00
# Visual Studio Version 16
VisualStudioVersion = 16.0.31727.386
MinimumVisualStudioVersion = 10.0.40219.1
Project("{9A19103F-16F7-4668-BE54-9A1E7A4F7556}") = "Targil0", "Targil0\Targil0.csproj", "{9B496118-36AC-4736-A87B-6DE1D850C0A2}"
EndProject
Project("{2150E333-8FDC-42A3-9474-1A3956D46DE8}") = "Solution Items", "Solution Items", "{ADA4AF6A-04AB-4221-B8F6-C8B5267FDC0E}"
	ProjectSection(SolutionItems) = preProject
		README.md = README.md
	EndProjectSection
EndProject
Project("{9A19103F-16F7-4668-BE54-9A1E7A4F7556}") = "ConsoleUI", "ConsoleUI\ConsoleUI.csproj", "{6C6B381F-5C75-48E2-A90F-F280C8ABFE64}"
EndProject
Project("{9A19103F-16F7-4668-BE54-9A1E7A4F7556}") = "DAL", "DAL\DAL.csproj", "{0CD4B890-A163-4D89-B577-FE8186A7C9DB}"
EndProject
Project("{FAE04EC0-301F-11D3-BF4B-00C04F79EFBC}") = "BL", "BL\BL.csproj", "{9C44EEE3-EF39-4819-A813-7DFA5FB93EBC}"
EndProject
Project("{FAE04EC0-301F-11D3-BF4B-00C04F79EFBC}") = "ConsoleUI_BL", "ConsoleUI_BL\ConsoleUI_BL.csproj", "{565BB1D7-8FB9-4347-BDE6-1A0376975220}"
EndProject
Global
	GlobalSection(SolutionConfigurationPlatforms) = preSolution
		Debug|Any CPU = Debug|Any CPU
		Debug|x64 = Debug|x64
		Debug|x86 = Debug|x86
		Release|Any CPU = Release|Any CPU
		Release|x64 = Release|x64
		Release|x86 = Release|x86
	EndGlobalSection
	GlobalSection(ProjectConfigurationPlatforms) = postSolution
		{9B496118-36AC-4736-A87B-6DE1D850C0A2}.Debug|Any CPU.ActiveCfg = Debug|Any CPU
		{9B496118-36AC-4736-A87B-6DE1D850C0A2}.Debug|Any CPU.Build.0 = Debug|Any CPU
		{9B496118-36AC-4736-A87B-6DE1D850C0A2}.Debug|x64.ActiveCfg = Debug|Any CPU
		{9B496118-36AC-4736-A87B-6DE1D850C0A2}.Debug|x64.Build.0 = Debug|Any CPU
		{9B496118-36AC-4736-A87B-6DE1D850C0A2}.Debug|x86.ActiveCfg = Debug|Any CPU
		{9B496118-36AC-4736-A87B-6DE1D850C0A2}.Debug|x86.Build.0 = Debug|Any CPU
		{9B496118-36AC-4736-A87B-6DE1D850C0A2}.Release|Any CPU.ActiveCfg = Release|Any CPU
		{9B496118-36AC-4736-A87B-6DE1D850C0A2}.Release|Any CPU.Build.0 = Release|Any CPU
		{9B496118-36AC-4736-A87B-6DE1D850C0A2}.Release|x64.ActiveCfg = Release|Any CPU
		{9B496118-36AC-4736-A87B-6DE1D850C0A2}.Release|x64.Build.0 = Release|Any CPU
		{9B496118-36AC-4736-A87B-6DE1D850C0A2}.Release|x86.ActiveCfg = Release|Any CPU
		{9B496118-36AC-4736-A87B-6DE1D850C0A2}.Release|x86.Build.0 = Release|Any CPU
		{6C6B381F-5C75-48E2-A90F-F280C8ABFE64}.Debug|Any CPU.ActiveCfg = Debug|Any CPU
		{6C6B381F-5C75-48E2-A90F-F280C8ABFE64}.Debug|Any CPU.Build.0 = Debug|Any CPU
		{6C6B381F-5C75-48E2-A90F-F280C8ABFE64}.Debug|x64.ActiveCfg = Debug|Any CPU
		{6C6B381F-5C75-48E2-A90F-F280C8ABFE64}.Debug|x64.Build.0 = Debug|Any CPU
		{6C6B381F-5C75-48E2-A90F-F280C8ABFE64}.Debug|x86.ActiveCfg = Debug|Any CPU
		{6C6B381F-5C75-48E2-A90F-F280C8ABFE64}.Debug|x86.Build.0 = Debug|Any CPU
		{6C6B381F-5C75-48E2-A90F-F280C8ABFE64}.Release|Any CPU.ActiveCfg = Release|Any CPU
		{6C6B381F-5C75-48E2-A90F-F280C8ABFE64}.Release|Any CPU.Build.0 = Release|Any CPU
		{6C6B381F-5C75-48E2-A90F-F280C8ABFE64}.Release|x64.ActiveCfg = Release|Any CPU
		{6C6B381F-5C75-48E2-A90F-F280C8ABFE64}.Release|x64.Build.0 = Release|Any CPU
		{6C6B381F-5C75-48E2-A90F-F280C8ABFE64}.Release|x86.ActiveCfg = Release|Any CPU
		{6C6B381F-5C75-48E2-A90F-F280C8ABFE64}.Release|x86.Build.0 = Release|Any CPU
		{0CD4B890-A163-4D89-B577-FE8186A7C9DB}.Debug|Any CPU.ActiveCfg = Debug|Any CPU
		{0CD4B890-A163-4D89-B577-FE8186A7C9DB}.Debug|Any CPU.Build.0 = Debug|Any CPU
		{0CD4B890-A163-4D89-B577-FE8186A7C9DB}.Debug|x64.ActiveCfg = Debug|Any CPU
		{0CD4B890-A163-4D89-B577-FE8186A7C9DB}.Debug|x64.Build.0 = Debug|Any CPU
		{0CD4B890-A163-4D89-B577-FE8186A7C9DB}.Debug|x86.ActiveCfg = Debug|Any CPU
		{0CD4B890-A163-4D89-B577-FE8186A7C9DB}.Debug|x86.Build.0 = Debug|Any CPU
		{0CD4B890-A163-4D89-B577-FE8186A7C9DB}.Release|Any CPU.ActiveCfg = Release|Any CPU
		{0CD4B890-A163-4D89-B577-FE8186A7C9DB}.Release|Any CPU.Build.0 = Release|Any CPU
		{0CD4B890-A163-4D89-B577-FE8186A7C9DB}.Release|x64.ActiveCfg = Release|Any CPU
		{0CD4B890-A163-4D89-B577-FE8186A7C9DB}.Release|x64.Build.0 = Release|Any CPU
		{0CD4B890-A163-4D89-B577-FE8186A7C9DB}.Release|x86.ActiveCfg = Release|Any CPU
		{0CD4B890-A163-4D89-B577-FE8186A7C9DB}.Release|x86.Build.0 = Release|Any CPU
		{9C44EEE3-EF39-4819-A813-7DFA5FB93EBC}.Debug|Any CPU.ActiveCfg = Debug|Any CPU
		{9C44EEE3-EF39-4819-A813-7DFA5FB93EBC}.Debug|Any CPU.Build.0 = Debug|Any CPU
		{9C44EEE3-EF39-4819-A813-7DFA5FB93EBC}.Debug|x64.ActiveCfg = Debug|Any CPU
		{9C44EEE3-EF39-4819-A813-7DFA5FB93EBC}.Debug|x64.Build.0 = Debug|Any CPU
		{9C44EEE3-EF39-4819-A813-7DFA5FB93EBC}.Debug|x86.ActiveCfg = Debug|Any CPU
		{9C44EEE3-EF39-4819-A813-7DFA5FB93EBC}.Debug|x86.Build.0 = Debug|Any CPU
		{9C44EEE3-EF39-4819-A813-7DFA5FB93EBC}.Release|Any CPU.ActiveCfg = Release|Any CPU
		{9C44EEE3-EF39-4819-A813-7DFA5FB93EBC}.Release|Any CPU.Build.0 = Release|Any CPU
		{9C44EEE3-EF39-4819-A813-7DFA5FB93EBC}.Release|x64.ActiveCfg = Release|Any CPU
		{9C44EEE3-EF39-4819-A813-7DFA5FB93EBC}.Release|x64.Build.0 = Release|Any CPU
		{9C44EEE3-EF39-4819-A813-7DFA5FB93EBC}.Release|x86.ActiveCfg = Release|Any CPU
		{9C44EEE3-EF39-4819-A813-7DFA5FB93EBC}.Release|x86.Build.0 = Release|Any CPU
		{565BB1D7-8FB9-4347-BDE6-1A0376975220}.Debug|Any CPU.ActiveCfg = Debug|Any CPU
		{565BB1D7-8FB9-4347-BDE6-1A0376975220}.Debug|Any CPU.Build.0 = Debug|Any CPU
		{565BB1D7-8FB9-4347-BDE6-1A0376975220}.Debug|x64.ActiveCfg = Debug|Any CPU
		{565BB1D7-8FB9-4347-BDE6-1A0376975220}.Debug|x64.Build.0 = Debug|Any CPU
		{565BB1D7-8FB9-4347-BDE6-1A0376975220}.Debug|x86.ActiveCfg = Debug|Any CPU
		{565BB1D7-8FB9-4347-BDE6-1A0376975220}.Debug|x86.Build.0 = Debug|Any CPU
		{565BB1D7-8FB9-4347-BDE6-1A0376975220}.Release|Any CPU.ActiveCfg = Release|Any CPU
		{565BB1D7-8FB9-4347-BDE6-1A0376975220}.Release|Any CPU.Build.0 = Release|Any CPU
		{565BB1D7-8FB9-4347-BDE6-1A0376975220}.Release|x64.ActiveCfg = Release|Any CPU
		{565BB1D7-8FB9-4347-BDE6-1A0376975220}.Release|x64.Build.0 = Release|Any CPU
		{565BB1D7-8FB9-4347-BDE6-1A0376975220}.Release|x86.ActiveCfg = Release|Any CPU
		{565BB1D7-8FB9-4347-BDE6-1A0376975220}.Release|x86.Build.0 = Release|Any CPU
	EndGlobalSection
	GlobalSection(SolutionProperties) = preSolution
		HideSolutionNode = FALSE
	EndGlobalSection
	GlobalSection(ExtensibilityGlobals) = postSolution
		SolutionGuid = {3BA030AC-6493-4A9F-AEA2-44CB89C6E33D}
	EndGlobalSection
EndGlobal
