
Microsoft Visual Studio Solution File, Format Version 12.00
# Visual Studio Version 16
VisualStudioVersion = 16.0.31727.386
MinimumVisualStudioVersion = 10.0.40219.1
Project("{9A19103F-16F7-4668-BE54-9A1E7A4F7556}") = "Targil0", "Targil0\Targil0.csproj", "{9B496118-36AC-4736-A87B-6DE1D850C0A2}"
EndProject
Project("{2150E333-8FDC-42A3-9474-1A3956D46DE8}") = "Solution Items", "Solution Items", "{ADA4AF6A-04AB-4221-B8F6-C8B5267FDC0E}"
	ProjectSection(SolutionItems) = preProject
		config.xml = config.xml
		README.md = README.md
	EndProjectSection
EndProject
Project("{9A19103F-16F7-4668-BE54-9A1E7A4F7556}") = "PL", "PL\PL.csproj", "{4210D1B7-7F88-46EA-ADB4-991C9064BC73}"
EndProject
Project("{FAE04EC0-301F-11D3-BF4B-00C04F79EFBC}") = "DalApi", "ClassLibrary1\DalApi.csproj", "{4DE634D6-8A56-4D05-8DB6-F5316977DD54}"
EndProject
Project("{FAE04EC0-301F-11D3-BF4B-00C04F79EFBC}") = "BL", "Bll\BL.csproj", "{026CCAFA-F760-4DC6-8266-1C97B65E847B}"
EndProject
Project("{FAE04EC0-301F-11D3-BF4B-00C04F79EFBC}") = "ConsoleUI", "ConsoleU\ConsoleUI.csproj", "{B33C2840-8A25-43D6-B673-FC73D022BD09}"
EndProject
Project("{FAE04EC0-301F-11D3-BF4B-00C04F79EFBC}") = "ConsoleUI_BL", "ConsoleUI_B\ConsoleUI_BL.csproj", "{A32AC08A-A2ED-4CB1-A688-4FF2B565637F}"
EndProject
Project("{FAE04EC0-301F-11D3-BF4B-00C04F79EFBC}") = "DalObject", "ClassLibrary2\DalObject.csproj", "{D9E5E911-699C-44B9-8EC3-FBFF47DC3B65}"
EndProject
Global
	GlobalSection(SolutionConfigurationPlatforms) = preSolution
		Debug|Any CPU = Debug|Any CPU
		Debug|x64 = Debug|x64
		Debug|x86 = Debug|x86
		Release|Any CPU = Release|Any CPU
		Release|x64 = Release|x64
		Release|x86 = Release|x86
	EndGlobalSection
	GlobalSection(ProjectConfigurationPlatforms) = postSolution
		{9B496118-36AC-4736-A87B-6DE1D850C0A2}.Debug|Any CPU.ActiveCfg = Debug|Any CPU
		{9B496118-36AC-4736-A87B-6DE1D850C0A2}.Debug|Any CPU.Build.0 = Debug|Any CPU
		{9B496118-36AC-4736-A87B-6DE1D850C0A2}.Debug|x64.ActiveCfg = Debug|Any CPU
		{9B496118-36AC-4736-A87B-6DE1D850C0A2}.Debug|x64.Build.0 = Debug|Any CPU
		{9B496118-36AC-4736-A87B-6DE1D850C0A2}.Debug|x86.ActiveCfg = Debug|Any CPU
		{9B496118-36AC-4736-A87B-6DE1D850C0A2}.Debug|x86.Build.0 = Debug|Any CPU
		{9B496118-36AC-4736-A87B-6DE1D850C0A2}.Release|Any CPU.ActiveCfg = Release|Any CPU
		{9B496118-36AC-4736-A87B-6DE1D850C0A2}.Release|Any CPU.Build.0 = Release|Any CPU
		{9B496118-36AC-4736-A87B-6DE1D850C0A2}.Release|x64.ActiveCfg = Release|Any CPU
		{9B496118-36AC-4736-A87B-6DE1D850C0A2}.Release|x64.Build.0 = Release|Any CPU
		{9B496118-36AC-4736-A87B-6DE1D850C0A2}.Release|x86.ActiveCfg = Release|Any CPU
		{9B496118-36AC-4736-A87B-6DE1D850C0A2}.Release|x86.Build.0 = Release|Any CPU
		{4210D1B7-7F88-46EA-ADB4-991C9064BC73}.Debug|Any CPU.ActiveCfg = Debug|Any CPU
		{4210D1B7-7F88-46EA-ADB4-991C9064BC73}.Debug|Any CPU.Build.0 = Debug|Any CPU
		{4210D1B7-7F88-46EA-ADB4-991C9064BC73}.Debug|x64.ActiveCfg = Debug|Any CPU
		{4210D1B7-7F88-46EA-ADB4-991C9064BC73}.Debug|x64.Build.0 = Debug|Any CPU
		{4210D1B7-7F88-46EA-ADB4-991C9064BC73}.Debug|x86.ActiveCfg = Debug|Any CPU
		{4210D1B7-7F88-46EA-ADB4-991C9064BC73}.Debug|x86.Build.0 = Debug|Any CPU
		{4210D1B7-7F88-46EA-ADB4-991C9064BC73}.Release|Any CPU.ActiveCfg = Release|Any CPU
		{4210D1B7-7F88-46EA-ADB4-991C9064BC73}.Release|Any CPU.Build.0 = Release|Any CPU
		{4210D1B7-7F88-46EA-ADB4-991C9064BC73}.Release|x64.ActiveCfg = Release|Any CPU
		{4210D1B7-7F88-46EA-ADB4-991C9064BC73}.Release|x64.Build.0 = Release|Any CPU
		{4210D1B7-7F88-46EA-ADB4-991C9064BC73}.Release|x86.ActiveCfg = Release|Any CPU
		{4210D1B7-7F88-46EA-ADB4-991C9064BC73}.Release|x86.Build.0 = Release|Any CPU
		{4DE634D6-8A56-4D05-8DB6-F5316977DD54}.Debug|Any CPU.ActiveCfg = Debug|Any CPU
		{4DE634D6-8A56-4D05-8DB6-F5316977DD54}.Debug|Any CPU.Build.0 = Debug|Any CPU
		{4DE634D6-8A56-4D05-8DB6-F5316977DD54}.Debug|x64.ActiveCfg = Debug|Any CPU
		{4DE634D6-8A56-4D05-8DB6-F5316977DD54}.Debug|x64.Build.0 = Debug|Any CPU
		{4DE634D6-8A56-4D05-8DB6-F5316977DD54}.Debug|x86.ActiveCfg = Debug|Any CPU
		{4DE634D6-8A56-4D05-8DB6-F5316977DD54}.Debug|x86.Build.0 = Debug|Any CPU
		{4DE634D6-8A56-4D05-8DB6-F5316977DD54}.Release|Any CPU.ActiveCfg = Release|Any CPU
		{4DE634D6-8A56-4D05-8DB6-F5316977DD54}.Release|Any CPU.Build.0 = Release|Any CPU
		{4DE634D6-8A56-4D05-8DB6-F5316977DD54}.Release|x64.ActiveCfg = Release|Any CPU
		{4DE634D6-8A56-4D05-8DB6-F5316977DD54}.Release|x64.Build.0 = Release|Any CPU
		{4DE634D6-8A56-4D05-8DB6-F5316977DD54}.Release|x86.ActiveCfg = Release|Any CPU
		{4DE634D6-8A56-4D05-8DB6-F5316977DD54}.Release|x86.Build.0 = Release|Any CPU
		{026CCAFA-F760-4DC6-8266-1C97B65E847B}.Debug|Any CPU.ActiveCfg = Debug|Any CPU
		{026CCAFA-F760-4DC6-8266-1C97B65E847B}.Debug|Any CPU.Build.0 = Debug|Any CPU
		{026CCAFA-F760-4DC6-8266-1C97B65E847B}.Debug|x64.ActiveCfg = Debug|Any CPU
		{026CCAFA-F760-4DC6-8266-1C97B65E847B}.Debug|x64.Build.0 = Debug|Any CPU
		{026CCAFA-F760-4DC6-8266-1C97B65E847B}.Debug|x86.ActiveCfg = Debug|Any CPU
		{026CCAFA-F760-4DC6-8266-1C97B65E847B}.Debug|x86.Build.0 = Debug|Any CPU
		{026CCAFA-F760-4DC6-8266-1C97B65E847B}.Release|Any CPU.ActiveCfg = Release|Any CPU
		{026CCAFA-F760-4DC6-8266-1C97B65E847B}.Release|Any CPU.Build.0 = Release|Any CPU
		{026CCAFA-F760-4DC6-8266-1C97B65E847B}.Release|x64.ActiveCfg = Release|Any CPU
		{026CCAFA-F760-4DC6-8266-1C97B65E847B}.Release|x64.Build.0 = Release|Any CPU
		{026CCAFA-F760-4DC6-8266-1C97B65E847B}.Release|x86.ActiveCfg = Release|Any CPU
		{026CCAFA-F760-4DC6-8266-1C97B65E847B}.Release|x86.Build.0 = Release|Any CPU
		{B33C2840-8A25-43D6-B673-FC73D022BD09}.Debug|Any CPU.ActiveCfg = Debug|Any CPU
		{B33C2840-8A25-43D6-B673-FC73D022BD09}.Debug|Any CPU.Build.0 = Debug|Any CPU
		{B33C2840-8A25-43D6-B673-FC73D022BD09}.Debug|x64.ActiveCfg = Debug|Any CPU
		{B33C2840-8A25-43D6-B673-FC73D022BD09}.Debug|x64.Build.0 = Debug|Any CPU
		{B33C2840-8A25-43D6-B673-FC73D022BD09}.Debug|x86.ActiveCfg = Debug|Any CPU
		{B33C2840-8A25-43D6-B673-FC73D022BD09}.Debug|x86.Build.0 = Debug|Any CPU
		{B33C2840-8A25-43D6-B673-FC73D022BD09}.Release|Any CPU.ActiveCfg = Release|Any CPU
		{B33C2840-8A25-43D6-B673-FC73D022BD09}.Release|Any CPU.Build.0 = Release|Any CPU
		{B33C2840-8A25-43D6-B673-FC73D022BD09}.Release|x64.ActiveCfg = Release|Any CPU
		{B33C2840-8A25-43D6-B673-FC73D022BD09}.Release|x64.Build.0 = Release|Any CPU
		{B33C2840-8A25-43D6-B673-FC73D022BD09}.Release|x86.ActiveCfg = Release|Any CPU
		{B33C2840-8A25-43D6-B673-FC73D022BD09}.Release|x86.Build.0 = Release|Any CPU
		{A32AC08A-A2ED-4CB1-A688-4FF2B565637F}.Debug|Any CPU.ActiveCfg = Debug|Any CPU
		{A32AC08A-A2ED-4CB1-A688-4FF2B565637F}.Debug|Any CPU.Build.0 = Debug|Any CPU
		{A32AC08A-A2ED-4CB1-A688-4FF2B565637F}.Debug|x64.ActiveCfg = Debug|Any CPU
		{A32AC08A-A2ED-4CB1-A688-4FF2B565637F}.Debug|x64.Build.0 = Debug|Any CPU
		{A32AC08A-A2ED-4CB1-A688-4FF2B565637F}.Debug|x86.ActiveCfg = Debug|Any CPU
		{A32AC08A-A2ED-4CB1-A688-4FF2B565637F}.Debug|x86.Build.0 = Debug|Any CPU
		{A32AC08A-A2ED-4CB1-A688-4FF2B565637F}.Release|Any CPU.ActiveCfg = Release|Any CPU
		{A32AC08A-A2ED-4CB1-A688-4FF2B565637F}.Release|Any CPU.Build.0 = Release|Any CPU
		{A32AC08A-A2ED-4CB1-A688-4FF2B565637F}.Release|x64.ActiveCfg = Release|Any CPU
		{A32AC08A-A2ED-4CB1-A688-4FF2B565637F}.Release|x64.Build.0 = Release|Any CPU
		{A32AC08A-A2ED-4CB1-A688-4FF2B565637F}.Release|x86.ActiveCfg = Release|Any CPU
		{A32AC08A-A2ED-4CB1-A688-4FF2B565637F}.Release|x86.Build.0 = Release|Any CPU
		{D9E5E911-699C-44B9-8EC3-FBFF47DC3B65}.Debug|Any CPU.ActiveCfg = Debug|Any CPU
		{D9E5E911-699C-44B9-8EC3-FBFF47DC3B65}.Debug|Any CPU.Build.0 = Debug|Any CPU
		{D9E5E911-699C-44B9-8EC3-FBFF47DC3B65}.Debug|x64.ActiveCfg = Debug|Any CPU
		{D9E5E911-699C-44B9-8EC3-FBFF47DC3B65}.Debug|x64.Build.0 = Debug|Any CPU
		{D9E5E911-699C-44B9-8EC3-FBFF47DC3B65}.Debug|x86.ActiveCfg = Debug|Any CPU
		{D9E5E911-699C-44B9-8EC3-FBFF47DC3B65}.Debug|x86.Build.0 = Debug|Any CPU
		{D9E5E911-699C-44B9-8EC3-FBFF47DC3B65}.Release|Any CPU.ActiveCfg = Release|Any CPU
		{D9E5E911-699C-44B9-8EC3-FBFF47DC3B65}.Release|Any CPU.Build.0 = Release|Any CPU
		{D9E5E911-699C-44B9-8EC3-FBFF47DC3B65}.Release|x64.ActiveCfg = Release|Any CPU
		{D9E5E911-699C-44B9-8EC3-FBFF47DC3B65}.Release|x64.Build.0 = Release|Any CPU
		{D9E5E911-699C-44B9-8EC3-FBFF47DC3B65}.Release|x86.ActiveCfg = Release|Any CPU
		{D9E5E911-699C-44B9-8EC3-FBFF47DC3B65}.Release|x86.Build.0 = Release|Any CPU
	EndGlobalSection
	GlobalSection(SolutionProperties) = preSolution
		HideSolutionNode = FALSE
	EndGlobalSection
	GlobalSection(ExtensibilityGlobals) = postSolution
		SolutionGuid = {3BA030AC-6493-4A9F-AEA2-44CB89C6E33D}
	EndGlobalSection
EndGlobal
